
Microsoft Visual Studio Solution File, Format Version 12.00
# Visual Studio 15
VisualStudioVersion = 15.0.28307.168
MinimumVisualStudioVersion = 10.0.40219.1
Project("{FAE04EC0-301F-11D3-BF4B-00C04F79EFBC}") = "Task2", "Task2\Task2.csproj", "{75596C0D-FC48-48A2-9FA1-26562F72BF53}"
EndProject
Global
	GlobalSection(SolutionConfigurationPlatforms) = preSolution
		Debug|Any CPU = Debug|Any CPU
		Release|Any CPU = Release|Any CPU
	EndGlobalSection
	GlobalSection(ProjectConfigurationPlatforms) = postSolution
		{75596C0D-FC48-48A2-9FA1-26562F72BF53}.Debug|Any CPU.ActiveCfg = Debug|Any CPU
		{75596C0D-FC48-48A2-9FA1-26562F72BF53}.Debug|Any CPU.Build.0 = Debug|Any CPU
		{75596C0D-FC48-48A2-9FA1-26562F72BF53}.Release|Any CPU.ActiveCfg = Release|Any CPU
		{75596C0D-FC48-48A2-9FA1-26562F72BF53}.Release|Any CPU.Build.0 = Release|Any CPU
	EndGlobalSection
	GlobalSection(SolutionProperties) = preSolution
		HideSolutionNode = FALSE
	EndGlobalSection
	GlobalSection(ExtensibilityGlobals) = postSolution
		SolutionGuid = {F69EC0C7-CA0E-4F8B-BAD2-823B8365048B}
	EndGlobalSection
EndGlobal
