
Microsoft Visual Studio Solution File, Format Version 12.00
# Visual Studio Version 16
VisualStudioVersion = 16.0.31112.23
MinimumVisualStudioVersion = 10.0.40219.1
Project("{FAE04EC0-301F-11D3-BF4B-00C04F79EFBC}") = "Uppgift 4", "Uppgift 4\Uppgift 4.csproj", "{F9472518-B99C-4CD8-AF95-E70B6CE78657}"
EndProject
Global
	GlobalSection(SolutionConfigurationPlatforms) = preSolution
		Debug|Any CPU = Debug|Any CPU
		Release|Any CPU = Release|Any CPU
	EndGlobalSection
	GlobalSection(ProjectConfigurationPlatforms) = postSolution
		{F9472518-B99C-4CD8-AF95-E70B6CE78657}.Debug|Any CPU.ActiveCfg = Debug|Any CPU
		{F9472518-B99C-4CD8-AF95-E70B6CE78657}.Debug|Any CPU.Build.0 = Debug|Any CPU
		{F9472518-B99C-4CD8-AF95-E70B6CE78657}.Release|Any CPU.ActiveCfg = Release|Any CPU
		{F9472518-B99C-4CD8-AF95-E70B6CE78657}.Release|Any CPU.Build.0 = Release|Any CPU
	EndGlobalSection
	GlobalSection(SolutionProperties) = preSolution
		HideSolutionNode = FALSE
	EndGlobalSection
	GlobalSection(ExtensibilityGlobals) = postSolution
		SolutionGuid = {768CE1D8-115A-4B90-B325-6E16FFCA49C4}
	EndGlobalSection
EndGlobal
