
Microsoft Visual Studio Solution File, Format Version 12.00
Project("{FAE04EC0-301F-11D3-BF4B-00C04F79EFBC}") = "Task3", "Task3\Task3.csproj", "{EFD74561-6853-4584-AD47-D408B6564773}"
EndProject
Global
	GlobalSection(SolutionConfigurationPlatforms) = preSolution
		Debug|Any CPU = Debug|Any CPU
		Release|Any CPU = Release|Any CPU
	EndGlobalSection
	GlobalSection(ProjectConfigurationPlatforms) = postSolution
		{EFD74561-6853-4584-AD47-D408B6564773}.Debug|Any CPU.ActiveCfg = Debug|Any CPU
		{EFD74561-6853-4584-AD47-D408B6564773}.Debug|Any CPU.Build.0 = Debug|Any CPU
		{EFD74561-6853-4584-AD47-D408B6564773}.Release|Any CPU.ActiveCfg = Release|Any CPU
		{EFD74561-6853-4584-AD47-D408B6564773}.Release|Any CPU.Build.0 = Release|Any CPU
	EndGlobalSection
EndGlobal
