
Microsoft Visual Studio Solution File, Format Version 12.00
# Visual Studio Version 16
VisualStudioVersion = 16.0.30320.27
MinimumVisualStudioVersion = 10.0.40219.1
Project("{FAE04EC0-301F-11D3-BF4B-00C04F79EFBC}") = "Uppgift 2", "Uppgift 2\Uppgift 2.csproj", "{07452A97-5F74-4FBB-B9DC-E58C55FED343}"
EndProject
Global
	GlobalSection(SolutionConfigurationPlatforms) = preSolution
		Debug|Any CPU = Debug|Any CPU
		Release|Any CPU = Release|Any CPU
	EndGlobalSection
	GlobalSection(ProjectConfigurationPlatforms) = postSolution
		{07452A97-5F74-4FBB-B9DC-E58C55FED343}.Debug|Any CPU.ActiveCfg = Debug|Any CPU
		{07452A97-5F74-4FBB-B9DC-E58C55FED343}.Debug|Any CPU.Build.0 = Debug|Any CPU
		{07452A97-5F74-4FBB-B9DC-E58C55FED343}.Release|Any CPU.ActiveCfg = Release|Any CPU
		{07452A97-5F74-4FBB-B9DC-E58C55FED343}.Release|Any CPU.Build.0 = Release|Any CPU
	EndGlobalSection
	GlobalSection(SolutionProperties) = preSolution
		HideSolutionNode = FALSE
	EndGlobalSection
	GlobalSection(ExtensibilityGlobals) = postSolution
		SolutionGuid = {EF450BB4-AC8A-4258-A012-550B379A53AD}
	EndGlobalSection
EndGlobal
