
Microsoft Visual Studio Solution File, Format Version 12.00
# Visual Studio Version 16
VisualStudioVersion = 16.0.31112.23
MinimumVisualStudioVersion = 10.0.40219.1
Project("{FAE04EC0-301F-11D3-BF4B-00C04F79EFBC}") = "Task3", "Task3\Task3.csproj", "{34ABF2A9-82AD-4376-A00E-5862FC85BDF2}"
EndProject
Global
	GlobalSection(SolutionConfigurationPlatforms) = preSolution
		Debug|Any CPU = Debug|Any CPU
		Release|Any CPU = Release|Any CPU
	EndGlobalSection
	GlobalSection(ProjectConfigurationPlatforms) = postSolution
		{34ABF2A9-82AD-4376-A00E-5862FC85BDF2}.Debug|Any CPU.ActiveCfg = Debug|Any CPU
		{34ABF2A9-82AD-4376-A00E-5862FC85BDF2}.Debug|Any CPU.Build.0 = Debug|Any CPU
		{34ABF2A9-82AD-4376-A00E-5862FC85BDF2}.Release|Any CPU.ActiveCfg = Release|Any CPU
		{34ABF2A9-82AD-4376-A00E-5862FC85BDF2}.Release|Any CPU.Build.0 = Release|Any CPU
	EndGlobalSection
	GlobalSection(SolutionProperties) = preSolution
		HideSolutionNode = FALSE
	EndGlobalSection
	GlobalSection(ExtensibilityGlobals) = postSolution
		SolutionGuid = {1C5290EE-9DC0-4365-99EF-689B01CDC396}
	EndGlobalSection
EndGlobal
