
Microsoft Visual Studio Solution File, Format Version 12.00
# Visual Studio Version 16
VisualStudioVersion = 16.0.30320.27
MinimumVisualStudioVersion = 10.0.40219.1
Project("{FAE04EC0-301F-11D3-BF4B-00C04F79EFBC}") = "Uppgift2", "Uppgift2\Uppgift2.csproj", "{D07D3BE9-6407-4C17-A369-553E7D042542}"
EndProject
Global
	GlobalSection(SolutionConfigurationPlatforms) = preSolution
		Debug|Any CPU = Debug|Any CPU
		Release|Any CPU = Release|Any CPU
	EndGlobalSection
	GlobalSection(ProjectConfigurationPlatforms) = postSolution
		{D07D3BE9-6407-4C17-A369-553E7D042542}.Debug|Any CPU.ActiveCfg = Debug|Any CPU
		{D07D3BE9-6407-4C17-A369-553E7D042542}.Debug|Any CPU.Build.0 = Debug|Any CPU
		{D07D3BE9-6407-4C17-A369-553E7D042542}.Release|Any CPU.ActiveCfg = Release|Any CPU
		{D07D3BE9-6407-4C17-A369-553E7D042542}.Release|Any CPU.Build.0 = Release|Any CPU
	EndGlobalSection
	GlobalSection(SolutionProperties) = preSolution
		HideSolutionNode = FALSE
	EndGlobalSection
	GlobalSection(ExtensibilityGlobals) = postSolution
		SolutionGuid = {D6EC5C10-0C24-43D0-8FB0-6FAFCE3B3964}
	EndGlobalSection
EndGlobal
