
Microsoft Visual Studio Solution File, Format Version 12.00
# Visual Studio Version 16
VisualStudioVersion = 16.0.31112.23
MinimumVisualStudioVersion = 10.0.40219.1
Project("{FAE04EC0-301F-11D3-BF4B-00C04F79EFBC}") = "Task1", "Task1\Task1.csproj", "{AD6D50BA-E29A-4AEB-82CF-7D21FCB706EB}"
EndProject
Global
	GlobalSection(SolutionConfigurationPlatforms) = preSolution
		Debug|Any CPU = Debug|Any CPU
		Release|Any CPU = Release|Any CPU
	EndGlobalSection
	GlobalSection(ProjectConfigurationPlatforms) = postSolution
		{AD6D50BA-E29A-4AEB-82CF-7D21FCB706EB}.Debug|Any CPU.ActiveCfg = Debug|Any CPU
		{AD6D50BA-E29A-4AEB-82CF-7D21FCB706EB}.Debug|Any CPU.Build.0 = Debug|Any CPU
		{AD6D50BA-E29A-4AEB-82CF-7D21FCB706EB}.Release|Any CPU.ActiveCfg = Release|Any CPU
		{AD6D50BA-E29A-4AEB-82CF-7D21FCB706EB}.Release|Any CPU.Build.0 = Release|Any CPU
	EndGlobalSection
	GlobalSection(SolutionProperties) = preSolution
		HideSolutionNode = FALSE
	EndGlobalSection
	GlobalSection(ExtensibilityGlobals) = postSolution
		SolutionGuid = {41CBF9D2-1F6D-4341-9D4C-11062FECAA70}
	EndGlobalSection
EndGlobal
