
Microsoft Visual Studio Solution File, Format Version 12.00
Project("{FAE04EC0-301F-11D3-BF4B-00C04F79EFBC}") = "Task4", "Task4\Task4.csproj", "{1598DDF3-6044-4B3F-B123-08CB8240B549}"
EndProject
Global
	GlobalSection(SolutionConfigurationPlatforms) = preSolution
		Debug|Any CPU = Debug|Any CPU
		Release|Any CPU = Release|Any CPU
	EndGlobalSection
	GlobalSection(ProjectConfigurationPlatforms) = postSolution
		{1598DDF3-6044-4B3F-B123-08CB8240B549}.Debug|Any CPU.ActiveCfg = Debug|Any CPU
		{1598DDF3-6044-4B3F-B123-08CB8240B549}.Debug|Any CPU.Build.0 = Debug|Any CPU
		{1598DDF3-6044-4B3F-B123-08CB8240B549}.Release|Any CPU.ActiveCfg = Release|Any CPU
		{1598DDF3-6044-4B3F-B123-08CB8240B549}.Release|Any CPU.Build.0 = Release|Any CPU
	EndGlobalSection
EndGlobal
