
Microsoft Visual Studio Solution File, Format Version 12.00
# Visual Studio 15
VisualStudioVersion = 15.0.28307.168
MinimumVisualStudioVersion = 10.0.40219.1
Project("{FAE04EC0-301F-11D3-BF4B-00C04F79EFBC}") = "Pythagoreansk trippel", "Pythagoreansk trippel\Pythagoreansk trippel.csproj", "{7EA614F0-2309-4D6E-B32A-548EB14D7654}"
EndProject
Global
	GlobalSection(SolutionConfigurationPlatforms) = preSolution
		Debug|Any CPU = Debug|Any CPU
		Release|Any CPU = Release|Any CPU
	EndGlobalSection
	GlobalSection(ProjectConfigurationPlatforms) = postSolution
		{7EA614F0-2309-4D6E-B32A-548EB14D7654}.Debug|Any CPU.ActiveCfg = Debug|Any CPU
		{7EA614F0-2309-4D6E-B32A-548EB14D7654}.Debug|Any CPU.Build.0 = Debug|Any CPU
		{7EA614F0-2309-4D6E-B32A-548EB14D7654}.Release|Any CPU.ActiveCfg = Release|Any CPU
		{7EA614F0-2309-4D6E-B32A-548EB14D7654}.Release|Any CPU.Build.0 = Release|Any CPU
	EndGlobalSection
	GlobalSection(SolutionProperties) = preSolution
		HideSolutionNode = FALSE
	EndGlobalSection
	GlobalSection(ExtensibilityGlobals) = postSolution
		SolutionGuid = {89C270D1-DF87-47E8-903F-0BC59AA278C7}
	EndGlobalSection
EndGlobal
