
Microsoft Visual Studio Solution File, Format Version 12.00
# Visual Studio Version 16
VisualStudioVersion = 16.0.30320.27
MinimumVisualStudioVersion = 10.0.40219.1
Project("{FAE04EC0-301F-11D3-BF4B-00C04F79EFBC}") = "Uppgift2", "Uppgift2\Uppgift2.csproj", "{61EA8E8A-2E4E-406A-AE78-BB0EB71D3FF1}"
EndProject
Global
	GlobalSection(SolutionConfigurationPlatforms) = preSolution
		Debug|Any CPU = Debug|Any CPU
		Release|Any CPU = Release|Any CPU
	EndGlobalSection
	GlobalSection(ProjectConfigurationPlatforms) = postSolution
		{61EA8E8A-2E4E-406A-AE78-BB0EB71D3FF1}.Debug|Any CPU.ActiveCfg = Debug|Any CPU
		{61EA8E8A-2E4E-406A-AE78-BB0EB71D3FF1}.Debug|Any CPU.Build.0 = Debug|Any CPU
		{61EA8E8A-2E4E-406A-AE78-BB0EB71D3FF1}.Release|Any CPU.ActiveCfg = Release|Any CPU
		{61EA8E8A-2E4E-406A-AE78-BB0EB71D3FF1}.Release|Any CPU.Build.0 = Release|Any CPU
	EndGlobalSection
	GlobalSection(SolutionProperties) = preSolution
		HideSolutionNode = FALSE
	EndGlobalSection
	GlobalSection(ExtensibilityGlobals) = postSolution
		SolutionGuid = {9F05EFDB-75E9-4C7F-A1F7-FAE392AD54F6}
	EndGlobalSection
EndGlobal
