
Microsoft Visual Studio Solution File, Format Version 12.00
# Visual Studio Version 16
VisualStudioVersion = 16.0.31112.23
MinimumVisualStudioVersion = 10.0.40219.1
Project("{FAE04EC0-301F-11D3-BF4B-00C04F79EFBC}") = "Task4", "Task4\Task4.csproj", "{E399A2B0-9EEA-4765-83C8-5B44CB13F93D}"
EndProject
Global
	GlobalSection(SolutionConfigurationPlatforms) = preSolution
		Debug|Any CPU = Debug|Any CPU
		Release|Any CPU = Release|Any CPU
	EndGlobalSection
	GlobalSection(ProjectConfigurationPlatforms) = postSolution
		{E399A2B0-9EEA-4765-83C8-5B44CB13F93D}.Debug|Any CPU.ActiveCfg = Debug|Any CPU
		{E399A2B0-9EEA-4765-83C8-5B44CB13F93D}.Debug|Any CPU.Build.0 = Debug|Any CPU
		{E399A2B0-9EEA-4765-83C8-5B44CB13F93D}.Release|Any CPU.ActiveCfg = Release|Any CPU
		{E399A2B0-9EEA-4765-83C8-5B44CB13F93D}.Release|Any CPU.Build.0 = Release|Any CPU
	EndGlobalSection
	GlobalSection(SolutionProperties) = preSolution
		HideSolutionNode = FALSE
	EndGlobalSection
	GlobalSection(ExtensibilityGlobals) = postSolution
		SolutionGuid = {B2E93FBC-BB07-4D08-A2E9-58F8244D5054}
	EndGlobalSection
EndGlobal
